
Microsoft Visual Studio Solution File, Format Version 12.00
# Visual Studio Version 17
VisualStudioVersion = 17.9.34902.65
MinimumVisualStudioVersion = 10.0.40219.1
Project("{FAE04EC0-301F-11D3-BF4B-00C04F79EFBC}") = "Cache", "Cache\Cache.csproj", "{8007CCEE-0A33-4FFB-9FB8-3955A7049AAA}"
EndProject
Global
	GlobalSection(SolutionConfigurationPlatforms) = preSolution
		Debug|Any CPU = Debug|Any CPU
		Release|Any CPU = Release|Any CPU
	EndGlobalSection
	GlobalSection(ProjectConfigurationPlatforms) = postSolution
		{8007CCEE-0A33-4FFB-9FB8-3955A7049AAA}.Debug|Any CPU.ActiveCfg = Debug|Any CPU
		{8007CCEE-0A33-4FFB-9FB8-3955A7049AAA}.Debug|Any CPU.Build.0 = Debug|Any CPU
		{8007CCEE-0A33-4FFB-9FB8-3955A7049AAA}.Release|Any CPU.ActiveCfg = Release|Any CPU
		{8007CCEE-0A33-4FFB-9FB8-3955A7049AAA}.Release|Any CPU.Build.0 = Release|Any CPU
	EndGlobalSection
	GlobalSection(SolutionProperties) = preSolution
		HideSolutionNode = FALSE
	EndGlobalSection
	GlobalSection(ExtensibilityGlobals) = postSolution
		SolutionGuid = {F0954193-34CF-4C9C-9291-8D343F318BF3}
	EndGlobalSection
EndGlobal
